
Microsoft Visual Studio Solution File, Format Version 12.00
# Visual Studio Version 16
VisualStudioVersion = 16.0.32126.315
MinimumVisualStudioVersion = 10.0.40219.1
Project("{FAE04EC0-301F-11D3-BF4B-00C04F79EFBC}") = "Task18Wpf", "Task18Wpf\Task18Wpf.csproj", "{3D5BCB4D-7718-4EE2-B7DC-63FD4EED49DF}"
EndProject
Global
	GlobalSection(SolutionConfigurationPlatforms) = preSolution
		Debug|Any CPU = Debug|Any CPU
		Release|Any CPU = Release|Any CPU
	EndGlobalSection
	GlobalSection(ProjectConfigurationPlatforms) = postSolution
		{3D5BCB4D-7718-4EE2-B7DC-63FD4EED49DF}.Debug|Any CPU.ActiveCfg = Debug|Any CPU
		{3D5BCB4D-7718-4EE2-B7DC-63FD4EED49DF}.Debug|Any CPU.Build.0 = Debug|Any CPU
		{3D5BCB4D-7718-4EE2-B7DC-63FD4EED49DF}.Release|Any CPU.ActiveCfg = Release|Any CPU
		{3D5BCB4D-7718-4EE2-B7DC-63FD4EED49DF}.Release|Any CPU.Build.0 = Release|Any CPU
	EndGlobalSection
	GlobalSection(SolutionProperties) = preSolution
		HideSolutionNode = FALSE
	EndGlobalSection
	GlobalSection(ExtensibilityGlobals) = postSolution
		SolutionGuid = {62E24BBB-D6E4-4148-A7C3-C589D72CCC46}
	EndGlobalSection
EndGlobal
